
Microsoft Visual Studio Solution File, Format Version 12.00
# Visual Studio Version 16
VisualStudioVersion = 16.0.31005.135
MinimumVisualStudioVersion = 10.0.40219.1
Project("{FAE04EC0-301F-11D3-BF4B-00C04F79EFBC}") = "ConsoleApp1", "ConsoleApp1.csproj", "{E5A30ACB-7092-4B91-B56D-AA7D66B4417C}"
EndProject
Global
	GlobalSection(SolutionConfigurationPlatforms) = preSolution
		Debug|Any CPU = Debug|Any CPU
		Release|Any CPU = Release|Any CPU
	EndGlobalSection
	GlobalSection(ProjectConfigurationPlatforms) = postSolution
		{E5A30ACB-7092-4B91-B56D-AA7D66B4417C}.Debug|Any CPU.ActiveCfg = Debug|Any CPU
		{E5A30ACB-7092-4B91-B56D-AA7D66B4417C}.Debug|Any CPU.Build.0 = Debug|Any CPU
		{E5A30ACB-7092-4B91-B56D-AA7D66B4417C}.Release|Any CPU.ActiveCfg = Release|Any CPU
		{E5A30ACB-7092-4B91-B56D-AA7D66B4417C}.Release|Any CPU.Build.0 = Release|Any CPU
	EndGlobalSection
	GlobalSection(SolutionProperties) = preSolution
		HideSolutionNode = FALSE
	EndGlobalSection
	GlobalSection(ExtensibilityGlobals) = postSolution
		SolutionGuid = {7E6750D0-A69C-46CF-BE66-23A56FD2B97C}
	EndGlobalSection
EndGlobal
